
Microsoft Visual Studio Solution File, Format Version 12.00
# Visual Studio Version 17
VisualStudioVersion = 17.0.31903.59
MinimumVisualStudioVersion = 10.0.40219.1
Project("{2150E333-8FDC-42A3-9474-1A3956D46DE8}") = "src", "src", "{827E0CD3-B72D-47B6-A68D-7590B98EB39B}"
EndProject
Project("{FAE04EC0-301F-11D3-BF4B-00C04F79EFBC}") = "ShiftFlow.Domain", "src\ShiftFlow.Domain\ShiftFlow.Domain.csproj", "{3799D6EA-42C9-4D0F-B7B1-DB3550006F3B}"
EndProject
Project("{FAE04EC0-301F-11D3-BF4B-00C04F79EFBC}") = "ShiftFlow.Application", "src\ShiftFlow.Application\ShiftFlow.Application.csproj", "{540DC5FD-CA91-48E7-AF1C-59E71A097849}"
EndProject
Project("{FAE04EC0-301F-11D3-BF4B-00C04F79EFBC}") = "ShiftFlow.Infrastructure", "src\ShiftFlow.Infrastructure\ShiftFlow.Infrastructure.csproj", "{C4F28A16-E55F-4861-A008-F89B70D794EF}"
EndProject
Project("{FAE04EC0-301F-11D3-BF4B-00C04F79EFBC}") = "ShiftFlow.Api", "src\ShiftFlow.Api\ShiftFlow.Api.csproj", "{4C687279-42D4-450E-911C-0147A1BB5A65}"
EndProject
Project("{FAE04EC0-301F-11D3-BF4B-00C04F79EFBC}") = "ShiftFlow.Web", "src\ShiftFlow.Web\ShiftFlow.Web.csproj", "{0A738ECD-8EE2-4080-B99A-62C602E29183}"
EndProject
Project("{FAE04EC0-301F-11D3-BF4B-00C04F79EFBC}") = "ShiftFlow.ServiceDefaults", "src\ShiftFlow.ServiceDefaults\ShiftFlow.ServiceDefaults.csproj", "{CA0BD5A5-1EF4-4158-9F37-540D0186B38D}"
EndProject
Project("{FAE04EC0-301F-11D3-BF4B-00C04F79EFBC}") = "ShiftFlow.AppHost", "src\ShiftFlow.AppHost\ShiftFlow.AppHost.csproj", "{05F71DF1-9E97-4000-AF25-CFE752541063}"
EndProject
Project("{FAE04EC0-301F-11D3-BF4B-00C04F79EFBC}") = "ShiftFlow.UnitTests", "tests\ShiftFlow.UnitTests\ShiftFlow.UnitTests.csproj", "{BB635B88-460D-4692-A587-D5B2B003B98F}"
EndProject
Project("{FAE04EC0-301F-11D3-BF4B-00C04F79EFBC}") = "ShiftFlow.IntegrationTests", "tests\ShiftFlow.IntegrationTests\ShiftFlow.IntegrationTests.csproj", "{EB24E54B-4BCC-4760-9E67-657EA29B804B}"
EndProject
Global
	GlobalSection(SolutionConfigurationPlatforms) = preSolution
		Debug|Any CPU = Debug|Any CPU
		Debug|x64 = Debug|x64
		Debug|x86 = Debug|x86
		Release|Any CPU = Release|Any CPU
		Release|x64 = Release|x64
		Release|x86 = Release|x86
	EndGlobalSection
	GlobalSection(ProjectConfigurationPlatforms) = postSolution
		{3799D6EA-42C9-4D0F-B7B1-DB3550006F3B}.Debug|Any CPU.ActiveCfg = Debug|Any CPU
		{3799D6EA-42C9-4D0F-B7B1-DB3550006F3B}.Debug|Any CPU.Build.0 = Debug|Any CPU
		{3799D6EA-42C9-4D0F-B7B1-DB3550006F3B}.Debug|x64.ActiveCfg = Debug|Any CPU
		{3799D6EA-42C9-4D0F-B7B1-DB3550006F3B}.Debug|x64.Build.0 = Debug|Any CPU
		{3799D6EA-42C9-4D0F-B7B1-DB3550006F3B}.Debug|x86.ActiveCfg = Debug|Any CPU
		{3799D6EA-42C9-4D0F-B7B1-DB3550006F3B}.Debug|x86.Build.0 = Debug|Any CPU
		{3799D6EA-42C9-4D0F-B7B1-DB3550006F3B}.Release|Any CPU.ActiveCfg = Release|Any CPU
		{3799D6EA-42C9-4D0F-B7B1-DB3550006F3B}.Release|Any CPU.Build.0 = Release|Any CPU
		{3799D6EA-42C9-4D0F-B7B1-DB3550006F3B}.Release|x64.ActiveCfg = Release|Any CPU
		{3799D6EA-42C9-4D0F-B7B1-DB3550006F3B}.Release|x64.Build.0 = Release|Any CPU
		{3799D6EA-42C9-4D0F-B7B1-DB3550006F3B}.Release|x86.ActiveCfg = Release|Any CPU
		{3799D6EA-42C9-4D0F-B7B1-DB3550006F3B}.Release|x86.Build.0 = Release|Any CPU
		{540DC5FD-CA91-48E7-AF1C-59E71A097849}.Debug|Any CPU.ActiveCfg = Debug|Any CPU
		{540DC5FD-CA91-48E7-AF1C-59E71A097849}.Debug|Any CPU.Build.0 = Debug|Any CPU
		{540DC5FD-CA91-48E7-AF1C-59E71A097849}.Debug|x64.ActiveCfg = Debug|Any CPU
		{540DC5FD-CA91-48E7-AF1C-59E71A097849}.Debug|x64.Build.0 = Debug|Any CPU
		{540DC5FD-CA91-48E7-AF1C-59E71A097849}.Debug|x86.ActiveCfg = Debug|Any CPU
		{540DC5FD-CA91-48E7-AF1C-59E71A097849}.Debug|x86.Build.0 = Debug|Any CPU
		{540DC5FD-CA91-48E7-AF1C-59E71A097849}.Release|Any CPU.ActiveCfg = Release|Any CPU
		{540DC5FD-CA91-48E7-AF1C-59E71A097849}.Release|Any CPU.Build.0 = Release|Any CPU
		{540DC5FD-CA91-48E7-AF1C-59E71A097849}.Release|x64.ActiveCfg = Release|Any CPU
		{540DC5FD-CA91-48E7-AF1C-59E71A097849}.Release|x64.Build.0 = Release|Any CPU
		{540DC5FD-CA91-48E7-AF1C-59E71A097849}.Release|x86.ActiveCfg = Release|Any CPU
		{540DC5FD-CA91-48E7-AF1C-59E71A097849}.Release|x86.Build.0 = Release|Any CPU
		{C4F28A16-E55F-4861-A008-F89B70D794EF}.Debug|Any CPU.ActiveCfg = Debug|Any CPU
		{C4F28A16-E55F-4861-A008-F89B70D794EF}.Debug|Any CPU.Build.0 = Debug|Any CPU
		{C4F28A16-E55F-4861-A008-F89B70D794EF}.Debug|x64.ActiveCfg = Debug|Any CPU
		{C4F28A16-E55F-4861-A008-F89B70D794EF}.Debug|x64.Build.0 = Debug|Any CPU
		{C4F28A16-E55F-4861-A008-F89B70D794EF}.Debug|x86.ActiveCfg = Debug|Any CPU
		{C4F28A16-E55F-4861-A008-F89B70D794EF}.Debug|x86.Build.0 = Debug|Any CPU
		{C4F28A16-E55F-4861-A008-F89B70D794EF}.Release|Any CPU.ActiveCfg = Release|Any CPU
		{C4F28A16-E55F-4861-A008-F89B70D794EF}.Release|Any CPU.Build.0 = Release|Any CPU
		{C4F28A16-E55F-4861-A008-F89B70D794EF}.Release|x64.ActiveCfg = Release|Any CPU
		{C4F28A16-E55F-4861-A008-F89B70D794EF}.Release|x64.Build.0 = Release|Any CPU
		{C4F28A16-E55F-4861-A008-F89B70D794EF}.Release|x86.ActiveCfg = Release|Any CPU
		{C4F28A16-E55F-4861-A008-F89B70D794EF}.Release|x86.Build.0 = Release|Any CPU
		{4C687279-42D4-450E-911C-0147A1BB5A65}.Debug|Any CPU.ActiveCfg = Debug|Any CPU
		{4C687279-42D4-450E-911C-0147A1BB5A65}.Debug|Any CPU.Build.0 = Debug|Any CPU
		{4C687279-42D4-450E-911C-0147A1BB5A65}.Debug|x64.ActiveCfg = Debug|Any CPU
		{4C687279-42D4-450E-911C-0147A1BB5A65}.Debug|x64.Build.0 = Debug|Any CPU
		{4C687279-42D4-450E-911C-0147A1BB5A65}.Debug|x86.ActiveCfg = Debug|Any CPU
		{4C687279-42D4-450E-911C-0147A1BB5A65}.Debug|x86.Build.0 = Debug|Any CPU
		{4C687279-42D4-450E-911C-0147A1BB5A65}.Release|Any CPU.ActiveCfg = Release|Any CPU
		{4C687279-42D4-450E-911C-0147A1BB5A65}.Release|Any CPU.Build.0 = Release|Any CPU
		{4C687279-42D4-450E-911C-0147A1BB5A65}.Release|x64.ActiveCfg = Release|Any CPU
		{4C687279-42D4-450E-911C-0147A1BB5A65}.Release|x64.Build.0 = Release|Any CPU
		{4C687279-42D4-450E-911C-0147A1BB5A65}.Release|x86.ActiveCfg = Release|Any CPU
		{4C687279-42D4-450E-911C-0147A1BB5A65}.Release|x86.Build.0 = Release|Any CPU
		{0A738ECD-8EE2-4080-B99A-62C602E29183}.Debug|Any CPU.ActiveCfg = Debug|Any CPU
		{0A738ECD-8EE2-4080-B99A-62C602E29183}.Debug|Any CPU.Build.0 = Debug|Any CPU
		{0A738ECD-8EE2-4080-B99A-62C602E29183}.Debug|x64.ActiveCfg = Debug|Any CPU
		{0A738ECD-8EE2-4080-B99A-62C602E29183}.Debug|x64.Build.0 = Debug|Any CPU
		{0A738ECD-8EE2-4080-B99A-62C602E29183}.Debug|x86.ActiveCfg = Debug|Any CPU
		{0A738ECD-8EE2-4080-B99A-62C602E29183}.Debug|x86.Build.0 = Debug|Any CPU
		{0A738ECD-8EE2-4080-B99A-62C602E29183}.Release|Any CPU.ActiveCfg = Release|Any CPU
		{0A738ECD-8EE2-4080-B99A-62C602E29183}.Release|Any CPU.Build.0 = Release|Any CPU
		{0A738ECD-8EE2-4080-B99A-62C602E29183}.Release|x64.ActiveCfg = Release|Any CPU
		{0A738ECD-8EE2-4080-B99A-62C602E29183}.Release|x64.Build.0 = Release|Any CPU
		{0A738ECD-8EE2-4080-B99A-62C602E29183}.Release|x86.ActiveCfg = Release|Any CPU
		{0A738ECD-8EE2-4080-B99A-62C602E29183}.Release|x86.Build.0 = Release|Any CPU
		{CA0BD5A5-1EF4-4158-9F37-540D0186B38D}.Debug|Any CPU.ActiveCfg = Debug|Any CPU
		{CA0BD5A5-1EF4-4158-9F37-540D0186B38D}.Debug|Any CPU.Build.0 = Debug|Any CPU
		{CA0BD5A5-1EF4-4158-9F37-540D0186B38D}.Debug|x64.ActiveCfg = Debug|Any CPU
		{CA0BD5A5-1EF4-4158-9F37-540D0186B38D}.Debug|x64.Build.0 = Debug|Any CPU
		{CA0BD5A5-1EF4-4158-9F37-540D0186B38D}.Debug|x86.ActiveCfg = Debug|Any CPU
		{CA0BD5A5-1EF4-4158-9F37-540D0186B38D}.Debug|x86.Build.0 = Debug|Any CPU
		{CA0BD5A5-1EF4-4158-9F37-540D0186B38D}.Release|Any CPU.ActiveCfg = Release|Any CPU
		{CA0BD5A5-1EF4-4158-9F37-540D0186B38D}.Release|Any CPU.Build.0 = Release|Any CPU
		{CA0BD5A5-1EF4-4158-9F37-540D0186B38D}.Release|x64.ActiveCfg = Release|Any CPU
		{CA0BD5A5-1EF4-4158-9F37-540D0186B38D}.Release|x64.Build.0 = Release|Any CPU
		{CA0BD5A5-1EF4-4158-9F37-540D0186B38D}.Release|x86.ActiveCfg = Release|Any CPU
		{CA0BD5A5-1EF4-4158-9F37-540D0186B38D}.Release|x86.Build.0 = Release|Any CPU
		{05F71DF1-9E97-4000-AF25-CFE752541063}.Debug|Any CPU.ActiveCfg = Debug|Any CPU
		{05F71DF1-9E97-4000-AF25-CFE752541063}.Debug|Any CPU.Build.0 = Debug|Any CPU
		{05F71DF1-9E97-4000-AF25-CFE752541063}.Debug|x64.ActiveCfg = Debug|Any CPU
		{05F71DF1-9E97-4000-AF25-CFE752541063}.Debug|x64.Build.0 = Debug|Any CPU
		{05F71DF1-9E97-4000-AF25-CFE752541063}.Debug|x86.ActiveCfg = Debug|Any CPU
		{05F71DF1-9E97-4000-AF25-CFE752541063}.Debug|x86.Build.0 = Debug|Any CPU
		{05F71DF1-9E97-4000-AF25-CFE752541063}.Release|Any CPU.ActiveCfg = Release|Any CPU
		{05F71DF1-9E97-4000-AF25-CFE752541063}.Release|Any CPU.Build.0 = Release|Any CPU
		{05F71DF1-9E97-4000-AF25-CFE752541063}.Release|x64.ActiveCfg = Release|Any CPU
		{05F71DF1-9E97-4000-AF25-CFE752541063}.Release|x64.Build.0 = Release|Any CPU
		{05F71DF1-9E97-4000-AF25-CFE752541063}.Release|x86.ActiveCfg = Release|Any CPU
		{05F71DF1-9E97-4000-AF25-CFE752541063}.Release|x86.Build.0 = Release|Any CPU
		{BB635B88-460D-4692-A587-D5B2B003B98F}.Debug|Any CPU.ActiveCfg = Debug|Any CPU
		{BB635B88-460D-4692-A587-D5B2B003B98F}.Debug|Any CPU.Build.0 = Debug|Any CPU
		{BB635B88-460D-4692-A587-D5B2B003B98F}.Debug|x64.ActiveCfg = Debug|Any CPU
		{BB635B88-460D-4692-A587-D5B2B003B98F}.Debug|x64.Build.0 = Debug|Any CPU
		{BB635B88-460D-4692-A587-D5B2B003B98F}.Debug|x86.ActiveCfg = Debug|Any CPU
		{BB635B88-460D-4692-A587-D5B2B003B98F}.Debug|x86.Build.0 = Debug|Any CPU
		{BB635B88-460D-4692-A587-D5B2B003B98F}.Release|Any CPU.ActiveCfg = Release|Any CPU
		{BB635B88-460D-4692-A587-D5B2B003B98F}.Release|Any CPU.Build.0 = Release|Any CPU
		{BB635B88-460D-4692-A587-D5B2B003B98F}.Release|x64.ActiveCfg = Release|Any CPU
		{BB635B88-460D-4692-A587-D5B2B003B98F}.Release|x64.Build.0 = Release|Any CPU
		{BB635B88-460D-4692-A587-D5B2B003B98F}.Release|x86.ActiveCfg = Release|Any CPU
		{BB635B88-460D-4692-A587-D5B2B003B98F}.Release|x86.Build.0 = Release|Any CPU
		{EB24E54B-4BCC-4760-9E67-657EA29B804B}.Debug|Any CPU.ActiveCfg = Debug|Any CPU
		{EB24E54B-4BCC-4760-9E67-657EA29B804B}.Debug|Any CPU.Build.0 = Debug|Any CPU
		{EB24E54B-4BCC-4760-9E67-657EA29B804B}.Debug|x64.ActiveCfg = Debug|Any CPU
		{EB24E54B-4BCC-4760-9E67-657EA29B804B}.Debug|x64.Build.0 = Debug|Any CPU
		{EB24E54B-4BCC-4760-9E67-657EA29B804B}.Debug|x86.ActiveCfg = Debug|Any CPU
		{EB24E54B-4BCC-4760-9E67-657EA29B804B}.Debug|x86.Build.0 = Debug|Any CPU
		{EB24E54B-4BCC-4760-9E67-657EA29B804B}.Release|Any CPU.ActiveCfg = Release|Any CPU
		{EB24E54B-4BCC-4760-9E67-657EA29B804B}.Release|Any CPU.Build.0 = Release|Any CPU
		{EB24E54B-4BCC-4760-9E67-657EA29B804B}.Release|x64.ActiveCfg = Release|Any CPU
		{EB24E54B-4BCC-4760-9E67-657EA29B804B}.Release|x64.Build.0 = Release|Any CPU
		{EB24E54B-4BCC-4760-9E67-657EA29B804B}.Release|x86.ActiveCfg = Release|Any CPU
		{EB24E54B-4BCC-4760-9E67-657EA29B804B}.Release|x86.Build.0 = Release|Any CPU
	EndGlobalSection
	GlobalSection(SolutionProperties) = preSolution
		HideSolutionNode = FALSE
	EndGlobalSection
	GlobalSection(NestedProjects) = preSolution
		{3799D6EA-42C9-4D0F-B7B1-DB3550006F3B} = {827E0CD3-B72D-47B6-A68D-7590B98EB39B}
		{540DC5FD-CA91-48E7-AF1C-59E71A097849} = {827E0CD3-B72D-47B6-A68D-7590B98EB39B}
		{C4F28A16-E55F-4861-A008-F89B70D794EF} = {827E0CD3-B72D-47B6-A68D-7590B98EB39B}
		{4C687279-42D4-450E-911C-0147A1BB5A65} = {827E0CD3-B72D-47B6-A68D-7590B98EB39B}
		{0A738ECD-8EE2-4080-B99A-62C602E29183} = {827E0CD3-B72D-47B6-A68D-7590B98EB39B}
		{CA0BD5A5-1EF4-4158-9F37-540D0186B38D} = {827E0CD3-B72D-47B6-A68D-7590B98EB39B}
		{05F71DF1-9E97-4000-AF25-CFE752541063} = {827E0CD3-B72D-47B6-A68D-7590B98EB39B}
		{BB635B88-460D-4692-A587-D5B2B003B98F} = {827E0CD3-B72D-47B6-A68D-7590B98EB39B}
		{EB24E54B-4BCC-4760-9E67-657EA29B804B} = {827E0CD3-B72D-47B6-A68D-7590B98EB39B}
	EndGlobalSection
EndGlobal
